
Microsoft Visual Studio Solution File, Format Version 12.00
# Visual Studio Version 17
VisualStudioVersion = 17.5.002.0
MinimumVisualStudioVersion = 10.0.40219.1
Project("{2150E333-8FDC-42A3-9474-1A3956D46DE8}") = "csharp-prep", "csharp-prep", "{173D4804-37BD-43FC-9252-D777477605BC}"
EndProject
Project("{9A19103F-16F7-4668-BE54-9A1E7A4F7556}") = "Prep1", "csharp-prep\Prep1\Prep1.csproj", "{EFC52458-B2A5-4830-A6B9-650AA7DED034}"
EndProject
Project("{9A19103F-16F7-4668-BE54-9A1E7A4F7556}") = "Prep2", "csharp-prep\Prep2\Prep2.csproj", "{BFFFD4A0-20ED-4F2F-8D95-8C736A349727}"
EndProject
Project("{9A19103F-16F7-4668-BE54-9A1E7A4F7556}") = "Prep3", "csharp-prep\Prep3\Prep3.csproj", "{8D7613E7-7A0E-4E70-A2DB-630C5CDAE3AC}"
EndProject
Project("{9A19103F-16F7-4668-BE54-9A1E7A4F7556}") = "Prep4", "csharp-prep\Prep4\Prep4.csproj", "{F4C523D2-CFAB-466F-A2C3-BF9DF29EBB5D}"
EndProject
Project("{9A19103F-16F7-4668-BE54-9A1E7A4F7556}") = "Prep5", "csharp-prep\Prep5\Prep5.csproj", "{051DA533-F87E-4BC2-8055-C7417F316179}"
EndProject
Project("{2150E333-8FDC-42A3-9474-1A3956D46DE8}") = "final", "final", "{15A1AC7B-BF03-405C-B549-26EC4A9A2E56}"
EndProject
Project("{9A19103F-16F7-4668-BE54-9A1E7A4F7556}") = "FinalProject", "final\FinalProject\FinalProject.csproj", "{6F763D25-7030-468D-A0B8-C983D2AAB7D4}"
EndProject
Project("{9A19103F-16F7-4668-BE54-9A1E7A4F7556}") = "Foundation1", "final\Foundation1\Foundation1.csproj", "{F6B62436-4021-4354-B89B-BAE0D8F07971}"
EndProject
Project("{9A19103F-16F7-4668-BE54-9A1E7A4F7556}") = "Foundation2", "final\Foundation2\Foundation2.csproj", "{A9C4E33C-AB17-4766-8D2F-0532780745A1}"
EndProject
Project("{9A19103F-16F7-4668-BE54-9A1E7A4F7556}") = "Foundation3", "final\Foundation3\Foundation3.csproj", "{EFECD6DD-803D-4C96-9770-2F9C21E366F5}"
EndProject
Project("{9A19103F-16F7-4668-BE54-9A1E7A4F7556}") = "Foundation4", "final\Foundation4\Foundation4.csproj", "{BA1B49BB-6261-471F-AC10-640608EEE279}"
EndProject
Project("{2150E333-8FDC-42A3-9474-1A3956D46DE8}") = "prepare", "prepare", "{20852A15-D849-4768-AED3-A04DA27BDDF1}"
EndProject
Project("{9A19103F-16F7-4668-BE54-9A1E7A4F7556}") = "Learning02", "prepare\Learning02\Learning02.csproj", "{B3E7BB3E-A241-444D-90C4-A66A3EAC2446}"
EndProject
Project("{9A19103F-16F7-4668-BE54-9A1E7A4F7556}") = "Learning03", "prepare\Learning03\Learning03.csproj", "{C6D1AC78-8064-4F64-93A9-CE03FE0768BC}"
EndProject
Project("{9A19103F-16F7-4668-BE54-9A1E7A4F7556}") = "Learning04", "prepare\Learning04\Learning04.csproj", "{D80E6E7B-ABC6-46AD-AB6A-E5C95044A197}"
EndProject
Project("{9A19103F-16F7-4668-BE54-9A1E7A4F7556}") = "Learning05", "prepare\Learning05\Learning05.csproj", "{14610633-731E-4D5D-BB11-247BB7ED8EDC}"
EndProject
Project("{2150E333-8FDC-42A3-9474-1A3956D46DE8}") = "prove", "prove", "{35B984AD-90C2-4DF3-BA95-E9B608D9D119}"
EndProject
Project("{9A19103F-16F7-4668-BE54-9A1E7A4F7556}") = "Develop02", "prove\Develop02\Develop02.csproj", "{EC20688B-EA6D-4148-B5A5-A6C2A27B0578}"
EndProject
Project("{9A19103F-16F7-4668-BE54-9A1E7A4F7556}") = "Develop03", "prove\Develop03\Develop03.csproj", "{A09F0C7F-AD5E-4C11-88EE-11C116DD57B8}"
EndProject
Project("{9A19103F-16F7-4668-BE54-9A1E7A4F7556}") = "Develop04", "prove\Develop04\Develop04.csproj", "{79D4B79B-8450-41D3-BC98-B8040E4E2501}"
EndProject
Project("{9A19103F-16F7-4668-BE54-9A1E7A4F7556}") = "Develop05", "prove\Develop05\Develop05.csproj", "{3D3A9520-6317-4E42-866B-D497827722E6}"
EndProject
Project("{2150E333-8FDC-42A3-9474-1A3956D46DE8}") = "sandbox", "sandbox", "{C5646D9C-1941-4E07-9CF3-5B810F18CC31}"
EndProject
Project("{9A19103F-16F7-4668-BE54-9A1E7A4F7556}") = "Sandbox", "sandbox\Sandbox\Sandbox.csproj", "{D22B9937-4D11-4798-AAB0-6611B40D62AF}"
EndProject
Global
	GlobalSection(SolutionConfigurationPlatforms) = preSolution
		Debug|Any CPU = Debug|Any CPU
		Release|Any CPU = Release|Any CPU
	EndGlobalSection
	GlobalSection(ProjectConfigurationPlatforms) = postSolution
		{EFC52458-B2A5-4830-A6B9-650AA7DED034}.Debug|Any CPU.ActiveCfg = Debug|Any CPU
		{EFC52458-B2A5-4830-A6B9-650AA7DED034}.Debug|Any CPU.Build.0 = Debug|Any CPU
		{EFC52458-B2A5-4830-A6B9-650AA7DED034}.Release|Any CPU.ActiveCfg = Release|Any CPU
		{EFC52458-B2A5-4830-A6B9-650AA7DED034}.Release|Any CPU.Build.0 = Release|Any CPU
		{BFFFD4A0-20ED-4F2F-8D95-8C736A349727}.Debug|Any CPU.ActiveCfg = Debug|Any CPU
		{BFFFD4A0-20ED-4F2F-8D95-8C736A349727}.Debug|Any CPU.Build.0 = Debug|Any CPU
		{BFFFD4A0-20ED-4F2F-8D95-8C736A349727}.Release|Any CPU.ActiveCfg = Release|Any CPU
		{BFFFD4A0-20ED-4F2F-8D95-8C736A349727}.Release|Any CPU.Build.0 = Release|Any CPU
		{8D7613E7-7A0E-4E70-A2DB-630C5CDAE3AC}.Debug|Any CPU.ActiveCfg = Debug|Any CPU
		{8D7613E7-7A0E-4E70-A2DB-630C5CDAE3AC}.Debug|Any CPU.Build.0 = Debug|Any CPU
		{8D7613E7-7A0E-4E70-A2DB-630C5CDAE3AC}.Release|Any CPU.ActiveCfg = Release|Any CPU
		{8D7613E7-7A0E-4E70-A2DB-630C5CDAE3AC}.Release|Any CPU.Build.0 = Release|Any CPU
		{F4C523D2-CFAB-466F-A2C3-BF9DF29EBB5D}.Debug|Any CPU.ActiveCfg = Debug|Any CPU
		{F4C523D2-CFAB-466F-A2C3-BF9DF29EBB5D}.Debug|Any CPU.Build.0 = Debug|Any CPU
		{F4C523D2-CFAB-466F-A2C3-BF9DF29EBB5D}.Release|Any CPU.ActiveCfg = Release|Any CPU
		{F4C523D2-CFAB-466F-A2C3-BF9DF29EBB5D}.Release|Any CPU.Build.0 = Release|Any CPU
		{051DA533-F87E-4BC2-8055-C7417F316179}.Debug|Any CPU.ActiveCfg = Debug|Any CPU
		{051DA533-F87E-4BC2-8055-C7417F316179}.Debug|Any CPU.Build.0 = Debug|Any CPU
		{051DA533-F87E-4BC2-8055-C7417F316179}.Release|Any CPU.ActiveCfg = Release|Any CPU
		{051DA533-F87E-4BC2-8055-C7417F316179}.Release|Any CPU.Build.0 = Release|Any CPU
		{6F763D25-7030-468D-A0B8-C983D2AAB7D4}.Debug|Any CPU.ActiveCfg = Debug|Any CPU
		{6F763D25-7030-468D-A0B8-C983D2AAB7D4}.Debug|Any CPU.Build.0 = Debug|Any CPU
		{6F763D25-7030-468D-A0B8-C983D2AAB7D4}.Release|Any CPU.ActiveCfg = Release|Any CPU
		{6F763D25-7030-468D-A0B8-C983D2AAB7D4}.Release|Any CPU.Build.0 = Release|Any CPU
		{F6B62436-4021-4354-B89B-BAE0D8F07971}.Debug|Any CPU.ActiveCfg = Debug|Any CPU
		{F6B62436-4021-4354-B89B-BAE0D8F07971}.Debug|Any CPU.Build.0 = Debug|Any CPU
		{F6B62436-4021-4354-B89B-BAE0D8F07971}.Release|Any CPU.ActiveCfg = Release|Any CPU
		{F6B62436-4021-4354-B89B-BAE0D8F07971}.Release|Any CPU.Build.0 = Release|Any CPU
		{A9C4E33C-AB17-4766-8D2F-0532780745A1}.Debug|Any CPU.ActiveCfg = Debug|Any CPU
		{A9C4E33C-AB17-4766-8D2F-0532780745A1}.Debug|Any CPU.Build.0 = Debug|Any CPU
		{A9C4E33C-AB17-4766-8D2F-0532780745A1}.Release|Any CPU.ActiveCfg = Release|Any CPU
		{A9C4E33C-AB17-4766-8D2F-0532780745A1}.Release|Any CPU.Build.0 = Release|Any CPU
		{EFECD6DD-803D-4C96-9770-2F9C21E366F5}.Debug|Any CPU.ActiveCfg = Debug|Any CPU
		{EFECD6DD-803D-4C96-9770-2F9C21E366F5}.Debug|Any CPU.Build.0 = Debug|Any CPU
		{EFECD6DD-803D-4C96-9770-2F9C21E366F5}.Release|Any CPU.ActiveCfg = Release|Any CPU
		{EFECD6DD-803D-4C96-9770-2F9C21E366F5}.Release|Any CPU.Build.0 = Release|Any CPU
		{BA1B49BB-6261-471F-AC10-640608EEE279}.Debug|Any CPU.ActiveCfg = Debug|Any CPU
		{BA1B49BB-6261-471F-AC10-640608EEE279}.Debug|Any CPU.Build.0 = Debug|Any CPU
		{BA1B49BB-6261-471F-AC10-640608EEE279}.Release|Any CPU.ActiveCfg = Release|Any CPU
		{BA1B49BB-6261-471F-AC10-640608EEE279}.Release|Any CPU.Build.0 = Release|Any CPU
		{B3E7BB3E-A241-444D-90C4-A66A3EAC2446}.Debug|Any CPU.ActiveCfg = Debug|Any CPU
		{B3E7BB3E-A241-444D-90C4-A66A3EAC2446}.Debug|Any CPU.Build.0 = Debug|Any CPU
		{B3E7BB3E-A241-444D-90C4-A66A3EAC2446}.Release|Any CPU.ActiveCfg = Release|Any CPU
		{B3E7BB3E-A241-444D-90C4-A66A3EAC2446}.Release|Any CPU.Build.0 = Release|Any CPU
		{C6D1AC78-8064-4F64-93A9-CE03FE0768BC}.Debug|Any CPU.ActiveCfg = Debug|Any CPU
		{C6D1AC78-8064-4F64-93A9-CE03FE0768BC}.Debug|Any CPU.Build.0 = Debug|Any CPU
		{C6D1AC78-8064-4F64-93A9-CE03FE0768BC}.Release|Any CPU.ActiveCfg = Release|Any CPU
		{C6D1AC78-8064-4F64-93A9-CE03FE0768BC}.Release|Any CPU.Build.0 = Release|Any CPU
		{D80E6E7B-ABC6-46AD-AB6A-E5C95044A197}.Debug|Any CPU.ActiveCfg = Debug|Any CPU
		{D80E6E7B-ABC6-46AD-AB6A-E5C95044A197}.Debug|Any CPU.Build.0 = Debug|Any CPU
		{D80E6E7B-ABC6-46AD-AB6A-E5C95044A197}.Release|Any CPU.ActiveCfg = Release|Any CPU
		{D80E6E7B-ABC6-46AD-AB6A-E5C95044A197}.Release|Any CPU.Build.0 = Release|Any CPU
		{14610633-731E-4D5D-BB11-247BB7ED8EDC}.Debug|Any CPU.ActiveCfg = Debug|Any CPU
		{14610633-731E-4D5D-BB11-247BB7ED8EDC}.Debug|Any CPU.Build.0 = Debug|Any CPU
		{14610633-731E-4D5D-BB11-247BB7ED8EDC}.Release|Any CPU.ActiveCfg = Release|Any CPU
		{14610633-731E-4D5D-BB11-247BB7ED8EDC}.Release|Any CPU.Build.0 = Release|Any CPU
		{EC20688B-EA6D-4148-B5A5-A6C2A27B0578}.Debug|Any CPU.ActiveCfg = Debug|Any CPU
		{EC20688B-EA6D-4148-B5A5-A6C2A27B0578}.Debug|Any CPU.Build.0 = Debug|Any CPU
		{EC20688B-EA6D-4148-B5A5-A6C2A27B0578}.Release|Any CPU.ActiveCfg = Release|Any CPU
		{EC20688B-EA6D-4148-B5A5-A6C2A27B0578}.Release|Any CPU.Build.0 = Release|Any CPU
		{A09F0C7F-AD5E-4C11-88EE-11C116DD57B8}.Debug|Any CPU.ActiveCfg = Debug|Any CPU
		{A09F0C7F-AD5E-4C11-88EE-11C116DD57B8}.Debug|Any CPU.Build.0 = Debug|Any CPU
		{A09F0C7F-AD5E-4C11-88EE-11C116DD57B8}.Release|Any CPU.ActiveCfg = Release|Any CPU
		{A09F0C7F-AD5E-4C11-88EE-11C116DD57B8}.Release|Any CPU.Build.0 = Release|Any CPU
		{79D4B79B-8450-41D3-BC98-B8040E4E2501}.Debug|Any CPU.ActiveCfg = Debug|Any CPU
		{79D4B79B-8450-41D3-BC98-B8040E4E2501}.Debug|Any CPU.Build.0 = Debug|Any CPU
		{79D4B79B-8450-41D3-BC98-B8040E4E2501}.Release|Any CPU.ActiveCfg = Release|Any CPU
		{79D4B79B-8450-41D3-BC98-B8040E4E2501}.Release|Any CPU.Build.0 = Release|Any CPU
		{3D3A9520-6317-4E42-866B-D497827722E6}.Debug|Any CPU.ActiveCfg = Debug|Any CPU
		{3D3A9520-6317-4E42-866B-D497827722E6}.Debug|Any CPU.Build.0 = Debug|Any CPU
		{3D3A9520-6317-4E42-866B-D497827722E6}.Release|Any CPU.ActiveCfg = Release|Any CPU
		{3D3A9520-6317-4E42-866B-D497827722E6}.Release|Any CPU.Build.0 = Release|Any CPU
		{D22B9937-4D11-4798-AAB0-6611B40D62AF}.Debug|Any CPU.ActiveCfg = Debug|Any CPU
		{D22B9937-4D11-4798-AAB0-6611B40D62AF}.Debug|Any CPU.Build.0 = Debug|Any CPU
		{D22B9937-4D11-4798-AAB0-6611B40D62AF}.Release|Any CPU.ActiveCfg = Release|Any CPU
		{D22B9937-4D11-4798-AAB0-6611B40D62AF}.Release|Any CPU.Build.0 = Release|Any CPU
	EndGlobalSection
	GlobalSection(SolutionProperties) = preSolution
		HideSolutionNode = FALSE
	EndGlobalSection
	GlobalSection(NestedProjects) = preSolution
		{EFC52458-B2A5-4830-A6B9-650AA7DED034} = {173D4804-37BD-43FC-9252-D777477605BC}
		{BFFFD4A0-20ED-4F2F-8D95-8C736A349727} = {173D4804-37BD-43FC-9252-D777477605BC}
		{8D7613E7-7A0E-4E70-A2DB-630C5CDAE3AC} = {173D4804-37BD-43FC-9252-D777477605BC}
		{F4C523D2-CFAB-466F-A2C3-BF9DF29EBB5D} = {173D4804-37BD-43FC-9252-D777477605BC}
		{051DA533-F87E-4BC2-8055-C7417F316179} = {173D4804-37BD-43FC-9252-D777477605BC}
		{6F763D25-7030-468D-A0B8-C983D2AAB7D4} = {15A1AC7B-BF03-405C-B549-26EC4A9A2E56}
		{F6B62436-4021-4354-B89B-BAE0D8F07971} = {15A1AC7B-BF03-405C-B549-26EC4A9A2E56}
		{A9C4E33C-AB17-4766-8D2F-0532780745A1} = {15A1AC7B-BF03-405C-B549-26EC4A9A2E56}
		{EFECD6DD-803D-4C96-9770-2F9C21E366F5} = {15A1AC7B-BF03-405C-B549-26EC4A9A2E56}
		{BA1B49BB-6261-471F-AC10-640608EEE279} = {15A1AC7B-BF03-405C-B549-26EC4A9A2E56}
		{B3E7BB3E-A241-444D-90C4-A66A3EAC2446} = {20852A15-D849-4768-AED3-A04DA27BDDF1}
		{C6D1AC78-8064-4F64-93A9-CE03FE0768BC} = {20852A15-D849-4768-AED3-A04DA27BDDF1}
		{D80E6E7B-ABC6-46AD-AB6A-E5C95044A197} = {20852A15-D849-4768-AED3-A04DA27BDDF1}
		{14610633-731E-4D5D-BB11-247BB7ED8EDC} = {20852A15-D849-4768-AED3-A04DA27BDDF1}
		{EC20688B-EA6D-4148-B5A5-A6C2A27B0578} = {35B984AD-90C2-4DF3-BA95-E9B608D9D119}
		{A09F0C7F-AD5E-4C11-88EE-11C116DD57B8} = {35B984AD-90C2-4DF3-BA95-E9B608D9D119}
		{79D4B79B-8450-41D3-BC98-B8040E4E2501} = {35B984AD-90C2-4DF3-BA95-E9B608D9D119}
		{3D3A9520-6317-4E42-866B-D497827722E6} = {35B984AD-90C2-4DF3-BA95-E9B608D9D119}
		{D22B9937-4D11-4798-AAB0-6611B40D62AF} = {C5646D9C-1941-4E07-9CF3-5B810F18CC31}
	EndGlobalSection
	GlobalSection(ExtensibilityGlobals) = postSolution
		SolutionGuid = {05D63CD8-9468-4C90-9F3D-40436F8412E8}
	EndGlobalSection
EndGlobal
